
Microsoft Visual Studio Solution File, Format Version 12.00
# Visual Studio Version 16
VisualStudioVersion = 16.0.30621.155
MinimumVisualStudioVersion = 10.0.40219.1
Project("{FAE04EC0-301F-11D3-BF4B-00C04F79EFBC}") = "GameProject", "GameProject\GameProject.csproj", "{C395D6EB-26AF-4C1F-9FB7-FF971771FDE3}"
EndProject
Global
	GlobalSection(SolutionConfigurationPlatforms) = preSolution
		Debug|Any CPU = Debug|Any CPU
		Release|Any CPU = Release|Any CPU
	EndGlobalSection
	GlobalSection(ProjectConfigurationPlatforms) = postSolution
		{C395D6EB-26AF-4C1F-9FB7-FF971771FDE3}.Debug|Any CPU.ActiveCfg = Debug|Any CPU
		{C395D6EB-26AF-4C1F-9FB7-FF971771FDE3}.Debug|Any CPU.Build.0 = Debug|Any CPU
		{C395D6EB-26AF-4C1F-9FB7-FF971771FDE3}.Release|Any CPU.ActiveCfg = Release|Any CPU
		{C395D6EB-26AF-4C1F-9FB7-FF971771FDE3}.Release|Any CPU.Build.0 = Release|Any CPU
	EndGlobalSection
	GlobalSection(SolutionProperties) = preSolution
		HideSolutionNode = FALSE
	EndGlobalSection
	GlobalSection(ExtensibilityGlobals) = postSolution
		SolutionGuid = {8E2FE34A-7E8D-4AF6-8391-DF8B57EFCF5E}
	EndGlobalSection
EndGlobal
